
Microsoft Visual Studio Solution File, Format Version 12.00
# Visual Studio 15
VisualStudioVersion = 15.0.28307.757
MinimumVisualStudioVersion = 10.0.40219.1
Project("{2150E333-8FDC-42A3-9474-1A3956D46DE8}") = "docs", "docs", "{029C1E81-B3AB-4E48-8EB1-DD5AAE08BB2F}"
EndProject
Project("{2150E333-8FDC-42A3-9474-1A3956D46DE8}") = "src", "src", "{0F12B7C0-6A9A-4D33-ADB0-D2391541C534}"
EndProject
Project("{2150E333-8FDC-42A3-9474-1A3956D46DE8}") = "tests", "tests", "{2134BC2C-1EFE-4145-95B8-EBF363E3A9B7}"
EndProject
Project("{2150E333-8FDC-42A3-9474-1A3956D46DE8}") = "Microservice", "Microservice", "{2E1A5C63-FB11-44C4-B34E-CFF95537B6F4}"
EndProject
Project("{9A19103F-16F7-4668-BE54-9A1E7A4F7556}") = "SpaceObserver.ISS.Api", "src\Microservice\ISS\SpaceObserver.ISS.Api\SpaceObserver.ISS.Api.csproj", "{B8FEA7C1-485C-4E85-8DBC-98E8A6051551}"
EndProject
Project("{9A19103F-16F7-4668-BE54-9A1E7A4F7556}") = "SpaceObserver.ISS.Api.Host", "src\Microservice\ISS\SpaceObserver.ISS.Api.Host\SpaceObserver.ISS.Api.Host.csproj", "{23FFA7BC-B9F7-4E1D-BA3A-588E2BD67EBA}"
EndProject
Project("{2150E333-8FDC-42A3-9474-1A3956D46DE8}") = "ISS", "ISS", "{766A38E8-853C-425A-88B3-739CB75FBE9C}"
EndProject
Project("{9A19103F-16F7-4668-BE54-9A1E7A4F7556}") = "SpaceObserver.ISS.Core", "src\Microservice\ISS\SpaceObserver.ISS.Core\SpaceObserver.ISS.Core.csproj", "{C075214C-97B4-4220-BB76-450B2A88B1A5}"
EndProject
Project("{9A19103F-16F7-4668-BE54-9A1E7A4F7556}") = "SpaceObserver.ISS.Infrastructure", "src\Microservice\ISS\SpaceObserver.ISS.Infrastructure\SpaceObserver.ISS.Infrastructure.csproj", "{47391516-B1A6-4ED6-B1A8-782DC1BDF187}"
EndProject
Project("{2150E333-8FDC-42A3-9474-1A3956D46DE8}") = "KAfkaProducer", "KAfkaProducer", "{ADFC2037-19C0-4B4E-A6BD-3B2686A99695}"
EndProject
Project("{2150E333-8FDC-42A3-9474-1A3956D46DE8}") = "KafkaConsumer", "KafkaConsumer", "{0402187C-57A4-4A8F-9536-B7D5B2FF5706}"
EndProject
Project("{2150E333-8FDC-42A3-9474-1A3956D46DE8}") = "Gateway", "Gateway", "{263B8AE8-8E46-4FAD-A6DF-87AE90144F38}"
EndProject
Project("{2150E333-8FDC-42A3-9474-1A3956D46DE8}") = "Infrastructure", "Infrastructure", "{F800A6D8-9C72-4E59-A403-EE6ED9127061}"
EndProject
Project("{2150E333-8FDC-42A3-9474-1A3956D46DE8}") = "Web", "Web", "{0984C2B7-1945-4884-A7E5-E9D9AB44782B}"
EndProject
Project("{2150E333-8FDC-42A3-9474-1A3956D46DE8}") = "Worker", "Worker", "{A5F65A99-DA75-438F-BE62-A0C47F643CF3}"
EndProject
Project("{2150E333-8FDC-42A3-9474-1A3956D46DE8}") = "ISS", "ISS", "{F08937B0-EC5E-446D-86FC-0BB7EABECA3E}"
EndProject
Project("{9A19103F-16F7-4668-BE54-9A1E7A4F7556}") = "SpaceObserver.Worker.ISS", "src\Microservice\Worker\OpenNotify\SpaceObserver.Worker.OpenNotify\SpaceObserver.Worker.ISS.csproj", "{22308B98-9C3A-42ED-BB95-0B34D1DF7AB9}"
EndProject
Project("{9A19103F-16F7-4668-BE54-9A1E7A4F7556}") = "SpaceObserver.Framework", "src\Infrastructure\SpaceObserver.Framework\SpaceObserver.Framework.csproj", "{E34121CB-CC76-4A99-BA6C-88470DA3F9F7}"
EndProject
Project("{9A19103F-16F7-4668-BE54-9A1E7A4F7556}") = "SpaceObserver.Framework.Utils", "src\Infrastructure\SpaceObserver.Framework.Utils\SpaceObserver.Framework.Utils.csproj", "{0955B9E6-F3EB-4644-BA96-5EDE5EC64859}"
EndProject
Project("{2150E333-8FDC-42A3-9474-1A3956D46DE8}") = "img", "img", "{EF1F76D2-6E4A-480C-9D72-DD21B3CE6E48}"
	ProjectSection(SolutionItems) = preProject
		..\SpaceObserver-background.png = ..\SpaceObserver-background.png
	EndProjectSection
EndProject
Global
	GlobalSection(SolutionConfigurationPlatforms) = preSolution
		Debug|Any CPU = Debug|Any CPU
		Release|Any CPU = Release|Any CPU
	EndGlobalSection
	GlobalSection(ProjectConfigurationPlatforms) = postSolution
		{B8FEA7C1-485C-4E85-8DBC-98E8A6051551}.Debug|Any CPU.ActiveCfg = Debug|Any CPU
		{B8FEA7C1-485C-4E85-8DBC-98E8A6051551}.Debug|Any CPU.Build.0 = Debug|Any CPU
		{B8FEA7C1-485C-4E85-8DBC-98E8A6051551}.Release|Any CPU.ActiveCfg = Release|Any CPU
		{B8FEA7C1-485C-4E85-8DBC-98E8A6051551}.Release|Any CPU.Build.0 = Release|Any CPU
		{23FFA7BC-B9F7-4E1D-BA3A-588E2BD67EBA}.Debug|Any CPU.ActiveCfg = Debug|Any CPU
		{23FFA7BC-B9F7-4E1D-BA3A-588E2BD67EBA}.Debug|Any CPU.Build.0 = Debug|Any CPU
		{23FFA7BC-B9F7-4E1D-BA3A-588E2BD67EBA}.Release|Any CPU.ActiveCfg = Release|Any CPU
		{23FFA7BC-B9F7-4E1D-BA3A-588E2BD67EBA}.Release|Any CPU.Build.0 = Release|Any CPU
		{C075214C-97B4-4220-BB76-450B2A88B1A5}.Debug|Any CPU.ActiveCfg = Debug|Any CPU
		{C075214C-97B4-4220-BB76-450B2A88B1A5}.Debug|Any CPU.Build.0 = Debug|Any CPU
		{C075214C-97B4-4220-BB76-450B2A88B1A5}.Release|Any CPU.ActiveCfg = Release|Any CPU
		{C075214C-97B4-4220-BB76-450B2A88B1A5}.Release|Any CPU.Build.0 = Release|Any CPU
		{47391516-B1A6-4ED6-B1A8-782DC1BDF187}.Debug|Any CPU.ActiveCfg = Debug|Any CPU
		{47391516-B1A6-4ED6-B1A8-782DC1BDF187}.Debug|Any CPU.Build.0 = Debug|Any CPU
		{47391516-B1A6-4ED6-B1A8-782DC1BDF187}.Release|Any CPU.ActiveCfg = Release|Any CPU
		{47391516-B1A6-4ED6-B1A8-782DC1BDF187}.Release|Any CPU.Build.0 = Release|Any CPU
		{22308B98-9C3A-42ED-BB95-0B34D1DF7AB9}.Debug|Any CPU.ActiveCfg = Debug|Any CPU
		{22308B98-9C3A-42ED-BB95-0B34D1DF7AB9}.Debug|Any CPU.Build.0 = Debug|Any CPU
		{22308B98-9C3A-42ED-BB95-0B34D1DF7AB9}.Release|Any CPU.ActiveCfg = Release|Any CPU
		{22308B98-9C3A-42ED-BB95-0B34D1DF7AB9}.Release|Any CPU.Build.0 = Release|Any CPU
		{E34121CB-CC76-4A99-BA6C-88470DA3F9F7}.Debug|Any CPU.ActiveCfg = Debug|Any CPU
		{E34121CB-CC76-4A99-BA6C-88470DA3F9F7}.Debug|Any CPU.Build.0 = Debug|Any CPU
		{E34121CB-CC76-4A99-BA6C-88470DA3F9F7}.Release|Any CPU.ActiveCfg = Release|Any CPU
		{E34121CB-CC76-4A99-BA6C-88470DA3F9F7}.Release|Any CPU.Build.0 = Release|Any CPU
		{0955B9E6-F3EB-4644-BA96-5EDE5EC64859}.Debug|Any CPU.ActiveCfg = Debug|Any CPU
		{0955B9E6-F3EB-4644-BA96-5EDE5EC64859}.Debug|Any CPU.Build.0 = Debug|Any CPU
		{0955B9E6-F3EB-4644-BA96-5EDE5EC64859}.Release|Any CPU.ActiveCfg = Release|Any CPU
		{0955B9E6-F3EB-4644-BA96-5EDE5EC64859}.Release|Any CPU.Build.0 = Release|Any CPU
	EndGlobalSection
	GlobalSection(SolutionProperties) = preSolution
		HideSolutionNode = FALSE
	EndGlobalSection
	GlobalSection(NestedProjects) = preSolution
		{2E1A5C63-FB11-44C4-B34E-CFF95537B6F4} = {0F12B7C0-6A9A-4D33-ADB0-D2391541C534}
		{B8FEA7C1-485C-4E85-8DBC-98E8A6051551} = {766A38E8-853C-425A-88B3-739CB75FBE9C}
		{23FFA7BC-B9F7-4E1D-BA3A-588E2BD67EBA} = {766A38E8-853C-425A-88B3-739CB75FBE9C}
		{766A38E8-853C-425A-88B3-739CB75FBE9C} = {2E1A5C63-FB11-44C4-B34E-CFF95537B6F4}
		{C075214C-97B4-4220-BB76-450B2A88B1A5} = {766A38E8-853C-425A-88B3-739CB75FBE9C}
		{47391516-B1A6-4ED6-B1A8-782DC1BDF187} = {766A38E8-853C-425A-88B3-739CB75FBE9C}
		{ADFC2037-19C0-4B4E-A6BD-3B2686A99695} = {2E1A5C63-FB11-44C4-B34E-CFF95537B6F4}
		{0402187C-57A4-4A8F-9536-B7D5B2FF5706} = {2E1A5C63-FB11-44C4-B34E-CFF95537B6F4}
		{263B8AE8-8E46-4FAD-A6DF-87AE90144F38} = {0F12B7C0-6A9A-4D33-ADB0-D2391541C534}
		{F800A6D8-9C72-4E59-A403-EE6ED9127061} = {0F12B7C0-6A9A-4D33-ADB0-D2391541C534}
		{0984C2B7-1945-4884-A7E5-E9D9AB44782B} = {0F12B7C0-6A9A-4D33-ADB0-D2391541C534}
		{A5F65A99-DA75-438F-BE62-A0C47F643CF3} = {2E1A5C63-FB11-44C4-B34E-CFF95537B6F4}
		{F08937B0-EC5E-446D-86FC-0BB7EABECA3E} = {A5F65A99-DA75-438F-BE62-A0C47F643CF3}
		{22308B98-9C3A-42ED-BB95-0B34D1DF7AB9} = {F08937B0-EC5E-446D-86FC-0BB7EABECA3E}
		{E34121CB-CC76-4A99-BA6C-88470DA3F9F7} = {F800A6D8-9C72-4E59-A403-EE6ED9127061}
		{0955B9E6-F3EB-4644-BA96-5EDE5EC64859} = {F800A6D8-9C72-4E59-A403-EE6ED9127061}
		{EF1F76D2-6E4A-480C-9D72-DD21B3CE6E48} = {029C1E81-B3AB-4E48-8EB1-DD5AAE08BB2F}
	EndGlobalSection
	GlobalSection(ExtensibilityGlobals) = postSolution
		SolutionGuid = {7C90E03A-1906-4082-B621-53CF7620D576}
	EndGlobalSection
EndGlobal
